// !$*UTF8*$!
{
	archiveVersion = 1;
	classes = {
	};
	objectVersion = 55;
	objects = {

/* Begin PBXBuildFile section */
		4BC2BF6B2845096D00126991 /* Film.swift in Sources */ = {isa = PBXBuildFile; fileRef = 4BC2BF6A2845096D00126991 /* Film.swift */; };
		4BC2BF6F28450C7200126991 /* TableViewCell.swift in Sources */ = {isa = PBXBuildFile; fileRef = 4BC2BF6E28450C7200126991 /* TableViewCell.swift */; };
		4BC2BF7128450F9700126991 /* CollectionViewCell.swift in Sources */ = {isa = PBXBuildFile; fileRef = 4BC2BF7028450F9700126991 /* CollectionViewCell.swift */; };
		4BC2BF732847F9CA00126991 /* Main.storyboard in Resources */ = {isa = PBXBuildFile; fileRef = 4BC2BF722847F9CA00126991 /* Main.storyboard */; };
		4BC2BF7928495E6700126991 /* HeaderView.swift in Sources */ = {isa = PBXBuildFile; fileRef = 4BC2BF7828495E6700126991 /* HeaderView.swift */; };
		B4885B4128461FEC00A8CD0E /* SecondViewController.swift in Sources */ = {isa = PBXBuildFile; fileRef = B4885B4028461FEC00A8CD0E /* SecondViewController.swift */; };
		B4885B432846275A00A8CD0E /* ActorsCollectionViewCell.swift in Sources */ = {isa = PBXBuildFile; fileRef = B4885B422846275A00A8CD0E /* ActorsCollectionViewCell.swift */; };
		B4C32FE52844A4AB00362025 /* AppDelegate.swift in Sources */ = {isa = PBXBuildFile; fileRef = B4C32FE42844A4AB00362025 /* AppDelegate.swift */; };
		B4C32FE72844A4AB00362025 /* SceneDelegate.swift in Sources */ = {isa = PBXBuildFile; fileRef = B4C32FE62844A4AB00362025 /* SceneDelegate.swift */; };
		B4C32FE92844A4AB00362025 /* StartViewController.swift in Sources */ = {isa = PBXBuildFile; fileRef = B4C32FE82844A4AB00362025 /* StartViewController.swift */; };
		B4C32FEE2844A4AC00362025 /* Assets.xcassets in Resources */ = {isa = PBXBuildFile; fileRef = B4C32FED2844A4AC00362025 /* Assets.xcassets */; };
		B4C32FF12844A4AC00362025 /* LaunchScreen.storyboard in Resources */ = {isa = PBXBuildFile; fileRef = B4C32FEF2844A4AC00362025 /* LaunchScreen.storyboard */; };
		C1D53007284A471B00B1315F /* FilmData.swift in Sources */ = {isa = PBXBuildFile; fileRef = C1D53006284A471B00B1315F /* FilmData.swift */; };
		C1D53009284A478600B1315F /* NetworkManager.swift in Sources */ = {isa = PBXBuildFile; fileRef = C1D53008284A478600B1315F /* NetworkManager.swift */; };
		C1D5300B284A4DEF00B1315F /* FilmActorsData.swift in Sources */ = {isa = PBXBuildFile; fileRef = C1D5300A284A4DEF00B1315F /* FilmActorsData.swift */; };
/* End PBXBuildFile section */

/* Begin PBXFileReference section */
		4BC2BF6A2845096D00126991 /* Film.swift */ = {isa = PBXFileReference; lastKnownFileType = sourcecode.swift; path = Film.swift; sourceTree = "<group>"; };
		4BC2BF6E28450C7200126991 /* TableViewCell.swift */ = {isa = PBXFileReference; lastKnownFileType = sourcecode.swift; path = TableViewCell.swift; sourceTree = "<group>"; };
		4BC2BF7028450F9700126991 /* CollectionViewCell.swift */ = {isa = PBXFileReference; lastKnownFileType = sourcecode.swift; path = CollectionViewCell.swift; sourceTree = "<group>"; };
		4BC2BF722847F9CA00126991 /* Main.storyboard */ = {isa = PBXFileReference; fileEncoding = 4; lastKnownFileType = file.storyboard; path = Main.storyboard; sourceTree = "<group>"; };
		4BC2BF7828495E6700126991 /* HeaderView.swift */ = {isa = PBXFileReference; lastKnownFileType = sourcecode.swift; path = HeaderView.swift; sourceTree = "<group>"; };
		B4885B4028461FEC00A8CD0E /* SecondViewController.swift */ = {isa = PBXFileReference; lastKnownFileType = sourcecode.swift; name = SecondViewController.swift; path = Challenge2_HomeCinema/SecondViewController.swift; sourceTree = SOURCE_ROOT; };
		B4885B422846275A00A8CD0E /* ActorsCollectionViewCell.swift */ = {isa = PBXFileReference; lastKnownFileType = sourcecode.swift; path = ActorsCollectionViewCell.swift; sourceTree = "<group>"; };
		B4C32FE12844A4AB00362025 /* Challenge2_HomeCinema.app */ = {isa = PBXFileReference; explicitFileType = wrapper.application; includeInIndex = 0; path = Challenge2_HomeCinema.app; sourceTree = BUILT_PRODUCTS_DIR; };
		B4C32FE42844A4AB00362025 /* AppDelegate.swift */ = {isa = PBXFileReference; lastKnownFileType = sourcecode.swift; path = AppDelegate.swift; sourceTree = "<group>"; };
		B4C32FE62844A4AB00362025 /* SceneDelegate.swift */ = {isa = PBXFileReference; lastKnownFileType = sourcecode.swift; path = SceneDelegate.swift; sourceTree = "<group>"; };
		B4C32FE82844A4AB00362025 /* StartViewController.swift */ = {isa = PBXFileReference; lastKnownFileType = sourcecode.swift; path = StartViewController.swift; sourceTree = "<group>"; };
		B4C32FED2844A4AC00362025 /* Assets.xcassets */ = {isa = PBXFileReference; lastKnownFileType = folder.assetcatalog; path = Assets.xcassets; sourceTree = "<group>"; };
		B4C32FF02844A4AC00362025 /* Base */ = {isa = PBXFileReference; lastKnownFileType = file.storyboard; name = Base; path = Base.lproj/LaunchScreen.storyboard; sourceTree = "<group>"; };
		B4C32FF22844A4AC00362025 /* Info.plist */ = {isa = PBXFileReference; lastKnownFileType = text.plist.xml; path = Info.plist; sourceTree = "<group>"; };
		C1D53006284A471B00B1315F /* FilmData.swift */ = {isa = PBXFileReference; lastKnownFileType = sourcecode.swift; path = FilmData.swift; sourceTree = "<group>"; };
		C1D53008284A478600B1315F /* NetworkManager.swift */ = {isa = PBXFileReference; lastKnownFileType = sourcecode.swift; path = NetworkManager.swift; sourceTree = "<group>"; };
		C1D5300A284A4DEF00B1315F /* FilmActorsData.swift */ = {isa = PBXFileReference; lastKnownFileType = sourcecode.swift; path = FilmActorsData.swift; sourceTree = "<group>"; };
/* End PBXFileReference section */

/* Begin PBXFrameworksBuildPhase section */
		B4C32FDE2844A4AB00362025 /* Frameworks */ = {
			isa = PBXFrameworksBuildPhase;
			buildActionMask = 2147483647;
			files = (
			);
			runOnlyForDeploymentPostprocessing = 0;
		};
/* End PBXFrameworksBuildPhase section */

/* Begin PBXGroup section */
		4BC2BF692845094B00126991 /* Models */ = {
			isa = PBXGroup;
			children = (
				4BC2BF6A2845096D00126991 /* Film.swift */,
				C1D53006284A471B00B1315F /* FilmData.swift */,
				C1D5300A284A4DEF00B1315F /* FilmActorsData.swift */,
				C1D53008284A478600B1315F /* NetworkManager.swift */,
			);
			path = Models;
			sourceTree = "<group>";
		};
		4BC2BF6C284509F100126991 /* ViewControllers */ = {
			isa = PBXGroup;
			children = (
				B4C32FE82844A4AB00362025 /* StartViewController.swift */,
				B4885B4028461FEC00A8CD0E /* SecondViewController.swift */,
			);
			path = ViewControllers;
			sourceTree = "<group>";
		};
		4BC2BF6D28450C5A00126991 /* Cells */ = {
			isa = PBXGroup;
			children = (
				4BC2BF6E28450C7200126991 /* TableViewCell.swift */,
				4BC2BF7028450F9700126991 /* CollectionViewCell.swift */,
				B4885B422846275A00A8CD0E /* ActorsCollectionViewCell.swift */,
			);
			path = Cells;
			sourceTree = "<group>";
		};
		4BC2BF7728495E4400126991 /* Views */ = {
			isa = PBXGroup;
			children = (
				4BC2BF7828495E6700126991 /* HeaderView.swift */,
			);
			path = Views;
			sourceTree = "<group>";
		};
		B4C32FD82844A4AB00362025 = {
			isa = PBXGroup;
			children = (
				B4C32FE32844A4AB00362025 /* Challenge2_HomeCinema */,
				B4C32FE22844A4AB00362025 /* Products */,
			);
			sourceTree = "<group>";
		};
		B4C32FE22844A4AB00362025 /* Products */ = {
			isa = PBXGroup;
			children = (
				B4C32FE12844A4AB00362025 /* Challenge2_HomeCinema.app */,
			);
			name = Products;
			sourceTree = "<group>";
		};
		B4C32FE32844A4AB00362025 /* Challenge2_HomeCinema */ = {
			isa = PBXGroup;
			children = (
				4BC2BF7728495E4400126991 /* Views */,
				4BC2BF6D28450C5A00126991 /* Cells */,
				4BC2BF6C284509F100126991 /* ViewControllers */,
				4BC2BF692845094B00126991 /* Models */,
				B4C32FE62844A4AB00362025 /* SceneDelegate.swift */,
				B4C32FE42844A4AB00362025 /* AppDelegate.swift */,
				4BC2BF722847F9CA00126991 /* Main.storyboard */,
				B4C32FED2844A4AC00362025 /* Assets.xcassets */,
				B4C32FEF2844A4AC00362025 /* LaunchScreen.storyboard */,
				B4C32FF22844A4AC00362025 /* Info.plist */,
			);
			path = Challenge2_HomeCinema;
			sourceTree = "<group>";
		};
/* End PBXGroup section */

/* Begin PBXNativeTarget section */
		B4C32FE02844A4AB00362025 /* Challenge2_HomeCinema */ = {
			isa = PBXNativeTarget;
			buildConfigurationList = B4C32FF52844A4AC00362025 /* Build configuration list for PBXNativeTarget "Challenge2_HomeCinema" */;
			buildPhases = (
				B4C32FDD2844A4AB00362025 /* Sources */,
				B4C32FDE2844A4AB00362025 /* Frameworks */,
				B4C32FDF2844A4AB00362025 /* Resources */,
			);
			buildRules = (
			);
			dependencies = (
			);
			name = Challenge2_HomeCinema;
			productName = Challenge2_HomeCinema;
			productReference = B4C32FE12844A4AB00362025 /* Challenge2_HomeCinema.app */;
			productType = "com.apple.product-type.application";
		};
/* End PBXNativeTarget section */

/* Begin PBXProject section */
		B4C32FD92844A4AB00362025 /* Project object */ = {
			isa = PBXProject;
			attributes = {
				BuildIndependentTargetsInParallel = 1;
				LastSwiftUpdateCheck = 1330;
				LastUpgradeCheck = 1330;
				TargetAttributes = {
					B4C32FE02844A4AB00362025 = {
						CreatedOnToolsVersion = 13.3.1;
					};
				};
			};
			buildConfigurationList = B4C32FDC2844A4AB00362025 /* Build configuration list for PBXProject "Challenge2_HomeCinema" */;
			compatibilityVersion = "Xcode 13.0";
			developmentRegion = en;
			hasScannedForEncodings = 0;
			knownRegions = (
				en,
				Base,
			);
			mainGroup = B4C32FD82844A4AB00362025;
			productRefGroup = B4C32FE22844A4AB00362025 /* Products */;
			projectDirPath = "";
			projectRoot = "";
			targets = (
				B4C32FE02844A4AB00362025 /* Challenge2_HomeCinema */,
			);
		};
/* End PBXProject section */

/* Begin PBXResourcesBuildPhase section */
		B4C32FDF2844A4AB00362025 /* Resources */ = {
			isa = PBXResourcesBuildPhase;
			buildActionMask = 2147483647;
			files = (
				B4C32FF12844A4AC00362025 /* LaunchScreen.storyboard in Resources */,
				B4C32FEE2844A4AC00362025 /* Assets.xcassets in Resources */,
				4BC2BF732847F9CA00126991 /* Main.storyboard in Resources */,
			);
			runOnlyForDeploymentPostprocessing = 0;
		};
/* End PBXResourcesBuildPhase section */

/* Begin PBXSourcesBuildPhase section */
		B4C32FDD2844A4AB00362025 /* Sources */ = {
			isa = PBXSourcesBuildPhase;
			buildActionMask = 2147483647;
			files = (
				4BC2BF6F28450C7200126991 /* TableViewCell.swift in Sources */,
				C1D5300B284A4DEF00B1315F /* FilmActorsData.swift in Sources */,
				4BC2BF7928495E6700126991 /* HeaderView.swift in Sources */,
				B4C32FE92844A4AB00362025 /* StartViewController.swift in Sources */,
				4BC2BF7128450F9700126991 /* CollectionViewCell.swift in Sources */,
				C1D53009284A478600B1315F /* NetworkManager.swift in Sources */,
				4BC2BF6B2845096D00126991 /* Film.swift in Sources */,
				C1D53007284A471B00B1315F /* FilmData.swift in Sources */,
				B4885B432846275A00A8CD0E /* ActorsCollectionViewCell.swift in Sources */,
				B4885B4128461FEC00A8CD0E /* SecondViewController.swift in Sources */,
				B4C32FE52844A4AB00362025 /* AppDelegate.swift in Sources */,
				B4C32FE72844A4AB00362025 /* SceneDelegate.swift in Sources */,
			);
			runOnlyForDeploymentPostprocessing = 0;
		};
/* End PBXSourcesBuildPhase section */

/* Begin PBXVariantGroup section */
		B4C32FEF2844A4AC00362025 /* LaunchScreen.storyboard */ = {
			isa = PBXVariantGroup;
			children = (
				B4C32FF02844A4AC00362025 /* Base */,
			);
			name = LaunchScreen.storyboard;
			sourceTree = "<group>";
		};
/* End PBXVariantGroup section */

/* Begin XCBuildConfiguration section */
		B4C32FF32844A4AC00362025 /* Debug */ = {
			isa = XCBuildConfiguration;
			buildSettings = {
				ALWAYS_SEARCH_USER_PATHS = NO;
				CLANG_ANALYZER_NONNULL = YES;
				CLANG_ANALYZER_NUMBER_OBJECT_CONVERSION = YES_AGGRESSIVE;
				CLANG_CXX_LANGUAGE_STANDARD = "gnu++17";
				CLANG_ENABLE_MODULES = YES;
				CLANG_ENABLE_OBJC_ARC = YES;
				CLANG_ENABLE_OBJC_WEAK = YES;
				CLANG_WARN_BLOCK_CAPTURE_AUTORELEASING = YES;
				CLANG_WARN_BOOL_CONVERSION = YES;
				CLANG_WARN_COMMA = YES;
				CLANG_WARN_CONSTANT_CONVERSION = YES;
				CLANG_WARN_DEPRECATED_OBJC_IMPLEMENTATIONS = YES;
				CLANG_WARN_DIRECT_OBJC_ISA_USAGE = YES_ERROR;
				CLANG_WARN_DOCUMENTATION_COMMENTS = YES;
				CLANG_WARN_EMPTY_BODY = YES;
				CLANG_WARN_ENUM_CONVERSION = YES;
				CLANG_WARN_INFINITE_RECURSION = YES;
				CLANG_WARN_INT_CONVERSION = YES;
				CLANG_WARN_NON_LITERAL_NULL_CONVERSION = YES;
				CLANG_WARN_OBJC_IMPLICIT_RETAIN_SELF = YES;
				CLANG_WARN_OBJC_LITERAL_CONVERSION = YES;
				CLANG_WARN_OBJC_ROOT_CLASS = YES_ERROR;
				CLANG_WARN_QUOTED_INCLUDE_IN_FRAMEWORK_HEADER = YES;
				CLANG_WARN_RANGE_LOOP_ANALYSIS = YES;
				CLANG_WARN_STRICT_PROTOTYPES = YES;
				CLANG_WARN_SUSPICIOUS_MOVE = YES;
				CLANG_WARN_UNGUARDED_AVAILABILITY = YES_AGGRESSIVE;
				CLANG_WARN_UNREACHABLE_CODE = YES;
				CLANG_WARN__DUPLICATE_METHOD_MATCH = YES;
				COPY_PHASE_STRIP = NO;
				DEBUG_INFORMATION_FORMAT = dwarf;
				ENABLE_STRICT_OBJC_MSGSEND = YES;
				ENABLE_TESTABILITY = YES;
				GCC_C_LANGUAGE_STANDARD = gnu11;
				GCC_DYNAMIC_NO_PIC = NO;
				GCC_NO_COMMON_BLOCKS = YES;
				GCC_OPTIMIZATION_LEVEL = 0;
				GCC_PREPROCESSOR_DEFINITIONS = (
					"DEBUG=1",
					"$(inherited)",
				);
				GCC_WARN_64_TO_32_BIT_CONVERSION = YES;
				GCC_WARN_ABOUT_RETURN_TYPE = YES_ERROR;
				GCC_WARN_UNDECLARED_SELECTOR = YES;
				GCC_WARN_UNINITIALIZED_AUTOS = YES_AGGRESSIVE;
				GCC_WARN_UNUSED_FUNCTION = YES;
				GCC_WARN_UNUSED_VARIABLE = YES;
				IPHONEOS_DEPLOYMENT_TARGET = 15.4;
				MTL_ENABLE_DEBUG_INFO = INCLUDE_SOURCE;
				MTL_FAST_MATH = YES;
				ONLY_ACTIVE_ARCH = YES;
				SDKROOT = iphoneos;
				SWIFT_ACTIVE_COMPILATION_CONDITIONS = DEBUG;
				SWIFT_OPTIMIZATION_LEVEL = "-Onone";
			};
			name = Debug;
		};
		B4C32FF42844A4AC00362025 /* Release */ = {
			isa = XCBuildConfiguration;
			buildSettings = {
				ALWAYS_SEARCH_USER_PATHS = NO;
				CLANG_ANALYZER_NONNULL = YES;
				CLANG_ANALYZER_NUMBER_OBJECT_CONVERSION = YES_AGGRESSIVE;
				CLANG_CXX_LANGUAGE_STANDARD = "gnu++17";
				CLANG_ENABLE_MODULES = YES;
				CLANG_ENABLE_OBJC_ARC = YES;
				CLANG_ENABLE_OBJC_WEAK = YES;
				CLANG_WARN_BLOCK_CAPTURE_AUTORELEASING = YES;
				CLANG_WARN_BOOL_CONVERSION = YES;
				CLANG_WARN_COMMA = YES;
				CLANG_WARN_CONSTANT_CONVERSION = YES;
				CLANG_WARN_DEPRECATED_OBJC_IMPLEMENTATIONS = YES;
				CLANG_WARN_DIRECT_OBJC_ISA_USAGE = YES_ERROR;
				CLANG_WARN_DOCUMENTATION_COMMENTS = YES;
				CLANG_WARN_EMPTY_BODY = YES;
				CLANG_WARN_ENUM_CONVERSION = YES;
				CLANG_WARN_INFINITE_RECURSION = YES;
				CLANG_WARN_INT_CONVERSION = YES;
				CLANG_WARN_NON_LITERAL_NULL_CONVERSION = YES;
				CLANG_WARN_OBJC_IMPLICIT_RETAIN_SELF = YES;
				CLANG_WARN_OBJC_LITERAL_CONVERSION = YES;
				CLANG_WARN_OBJC_ROOT_CLASS = YES_ERROR;
				CLANG_WARN_QUOTED_INCLUDE_IN_FRAMEWORK_HEADER = YES;
				CLANG_WARN_RANGE_LOOP_ANALYSIS = YES;
				CLANG_WARN_STRICT_PROTOTYPES = YES;
				CLANG_WARN_SUSPICIOUS_MOVE = YES;
				CLANG_WARN_UNGUARDED_AVAILABILITY = YES_AGGRESSIVE;
				CLANG_WARN_UNREACHABLE_CODE = YES;
				CLANG_WARN__DUPLICATE_METHOD_MATCH = YES;
				COPY_PHASE_STRIP = NO;
				DEBUG_INFORMATION_FORMAT = "dwarf-with-dsym";
				ENABLE_NS_ASSERTIONS = NO;
				ENABLE_STRICT_OBJC_MSGSEND = YES;
				GCC_C_LANGUAGE_STANDARD = gnu11;
				GCC_NO_COMMON_BLOCKS = YES;
				GCC_WARN_64_TO_32_BIT_CONVERSION = YES;
				GCC_WARN_ABOUT_RETURN_TYPE = YES_ERROR;
				GCC_WARN_UNDECLARED_SELECTOR = YES;
				GCC_WARN_UNINITIALIZED_AUTOS = YES_AGGRESSIVE;
				GCC_WARN_UNUSED_FUNCTION = YES;
				GCC_WARN_UNUSED_VARIABLE = YES;
				IPHONEOS_DEPLOYMENT_TARGET = 15.4;
				MTL_ENABLE_DEBUG_INFO = NO;
				MTL_FAST_MATH = YES;
				SDKROOT = iphoneos;
				SWIFT_COMPILATION_MODE = wholemodule;
				SWIFT_OPTIMIZATION_LEVEL = "-O";
				VALIDATE_PRODUCT = YES;
			};
			name = Release;
		};
		B4C32FF62844A4AC00362025 /* Debug */ = {
			isa = XCBuildConfiguration;
			buildSettings = {
				ASSETCATALOG_COMPILER_APPICON_NAME = AppIcon;
				ASSETCATALOG_COMPILER_GLOBAL_ACCENT_COLOR_NAME = AccentColor;
				CODE_SIGN_STYLE = Automatic;
				CURRENT_PROJECT_VERSION = 1;
				DEVELOPMENT_TEAM = FWA38784WW;
				GENERATE_INFOPLIST_FILE = YES;
				INFOPLIST_FILE = Challenge2_HomeCinema/Info.plist;
				INFOPLIST_KEY_UIApplicationSupportsIndirectInputEvents = YES;
				INFOPLIST_KEY_UILaunchStoryboardName = LaunchScreen;
				INFOPLIST_KEY_UIMainStoryboardFile = Main;
				INFOPLIST_KEY_UISupportedInterfaceOrientations = UIInterfaceOrientationPortrait;
				INFOPLIST_KEY_UISupportedInterfaceOrientations_iPad = "UIInterfaceOrientationPortrait UIInterfaceOrientationPortraitUpsideDown UIInterfaceOrientationLandscapeLeft UIInterfaceOrientationLandscapeRight";
				INFOPLIST_KEY_UISupportedInterfaceOrientations_iPhone = "UIInterfaceOrientationPortrait UIInterfaceOrientationLandscapeLeft UIInterfaceOrientationLandscapeRight";
				IPHONEOS_DEPLOYMENT_TARGET = 13.0;
				LD_RUNPATH_SEARCH_PATHS = (
					"$(inherited)",
					"@executable_path/Frameworks",
				);
				MARKETING_VERSION = 1.0;
				PRODUCT_BUNDLE_IDENTIFIER = "com.daniilKiryanchuk.Challenge2-HomeCinema";
				PRODUCT_NAME = "$(TARGET_NAME)";
				SWIFT_EMIT_LOC_STRINGS = YES;
				SWIFT_VERSION = 5.0;
				TARGETED_DEVICE_FAMILY = 1;
			};
			name = Debug;
		};
		B4C32FF72844A4AC00362025 /* Release */ = {
			isa = XCBuildConfiguration;
			buildSettings = {
				ASSETCATALOG_COMPILER_APPICON_NAME = AppIcon;
				ASSETCATALOG_COMPILER_GLOBAL_ACCENT_COLOR_NAME = AccentColor;
				CODE_SIGN_STYLE = Automatic;
				CURRENT_PROJECT_VERSION = 1;
				DEVELOPMENT_TEAM = FWA38784WW;
				GENERATE_INFOPLIST_FILE = YES;
				INFOPLIST_FILE = Challenge2_HomeCinema/Info.plist;
				INFOPLIST_KEY_UIApplicationSupportsIndirectInputEvents = YES;
				INFOPLIST_KEY_UILaunchStoryboardName = LaunchScreen;
				INFOPLIST_KEY_UIMainStoryboardFile = Main;
				INFOPLIST_KEY_UISupportedInterfaceOrientations = UIInterfaceOrientationPortrait;
				INFOPLIST_KEY_UISupportedInterfaceOrientations_iPad = "UIInterfaceOrientationPortrait UIInterfaceOrientationPortraitUpsideDown UIInterfaceOrientationLandscapeLeft UIInterfaceOrientationLandscapeRight";
				INFOPLIST_KEY_UISupportedInterfaceOrientations_iPhone = "UIInterfaceOrientationPortrait UIInterfaceOrientationLandscapeLeft UIInterfaceOrientationLandscapeRight";
				IPHONEOS_DEPLOYMENT_TARGET = 13.0;
				LD_RUNPATH_SEARCH_PATHS = (
					"$(inherited)",
					"@executable_path/Frameworks",
				);
				MARKETING_VERSION = 1.0;
				PRODUCT_BUNDLE_IDENTIFIER = "com.daniilKiryanchuk.Challenge2-HomeCinema";
				PRODUCT_NAME = "$(TARGET_NAME)";
				SWIFT_EMIT_LOC_STRINGS = YES;
				SWIFT_VERSION = 5.0;
				TARGETED_DEVICE_FAMILY = 1;
			};
			name = Release;
		};
/* End XCBuildConfiguration section */

/* Begin XCConfigurationList section */
		B4C32FDC2844A4AB00362025 /* Build configuration list for PBXProject "Challenge2_HomeCinema" */ = {
			isa = XCConfigurationList;
			buildConfigurations = (
				B4C32FF32844A4AC00362025 /* Debug */,
				B4C32FF42844A4AC00362025 /* Release */,
			);
			defaultConfigurationIsVisible = 0;
			defaultConfigurationName = Release;
		};
		B4C32FF52844A4AC00362025 /* Build configuration list for PBXNativeTarget "Challenge2_HomeCinema" */ = {
			isa = XCConfigurationList;
			buildConfigurations = (
				B4C32FF62844A4AC00362025 /* Debug */,
				B4C32FF72844A4AC00362025 /* Release */,
			);
			defaultConfigurationIsVisible = 0;
			defaultConfigurationName = Release;
		};
/* End XCConfigurationList section */
	};
	rootObject = B4C32FD92844A4AB00362025 /* Project object */;
}
